
Microsoft Visual Studio Solution File, Format Version 11.00
# Visual Studio 2010
Project("{2150E333-8FDC-42A3-9474-1A3956D46DE8}") = "Core", "Core", "{C6648F84-EB40-4963-9753-10880BC856D1}"
EndProject
Project("{FAE04EC0-301F-11D3-BF4B-00C04F79EFBC}") = "Mobile.Utils.Portable", "Core\Mobile.Utils.Portable\Mobile.Utils.Portable.csproj", "{502C0CAA-31C1-478F-878A-7002D76FE461}"
EndProject
Project("{2150E333-8FDC-42A3-9474-1A3956D46DE8}") = "Platform", "Platform", "{A7A20C2A-3409-45E6-B542-AD2AB7E9E63A}"
EndProject
Project("{FAE04EC0-301F-11D3-BF4B-00C04F79EFBC}") = "Mobile.Utils.Droid", "Platform\Mobile.Utils.Droid\Mobile.Utils.Droid.csproj", "{FD6905A1-0D75-4187-BAA0-5DDD03E9B346}"
EndProject
Project("{FAE04EC0-301F-11D3-BF4B-00C04F79EFBC}") = "Mobile.Utils.iOS", "Platform\Mobile.Utils.iOS\Mobile.Utils.iOS.csproj", "{72B38D4A-74D3-4741-91A3-22D85D84EFB8}"
EndProject
Project("{2150E333-8FDC-42A3-9474-1A3956D46DE8}") = "UnitTests", "UnitTests", "{CD94D7CA-F593-4C85-9D98-5CFFB8C3EBDE}"
EndProject
Project("{2150E333-8FDC-42A3-9474-1A3956D46DE8}") = "Runners", "Runners", "{A5FC699A-92CA-440B-8BBF-334AC5940E5D}"
EndProject
Project("{FAE04EC0-301F-11D3-BF4B-00C04F79EFBC}") = "TestRunner.iOS", "UnitTests\TestRunner.iOS\TestRunner.iOS.csproj", "{371D6E44-E499-4136-A871-A5EA5260A209}"
EndProject
Project("{FAE04EC0-301F-11D3-BF4B-00C04F79EFBC}") = "Mobile.Utils.UnitTests.iOS", "UnitTests\Mobile.Utils.UnitTests.iOS\Mobile.Utils.UnitTests.iOS.csproj", "{A888648D-50BE-4075-B863-DFA835FD06BA}"
EndProject
Global
	GlobalSection(SolutionConfigurationPlatforms) = preSolution
		Debug|Any CPU = Debug|Any CPU
		Release|Any CPU = Release|Any CPU
		Debug|iPhoneSimulator = Debug|iPhoneSimulator
		Release|iPhoneSimulator = Release|iPhoneSimulator
		Debug|iPhone = Debug|iPhone
		Release|iPhone = Release|iPhone
		Ad-Hoc|iPhone = Ad-Hoc|iPhone
		AppStore|iPhone = AppStore|iPhone
	EndGlobalSection
	GlobalSection(ProjectConfigurationPlatforms) = postSolution
		{371D6E44-E499-4136-A871-A5EA5260A209}.Ad-Hoc|iPhone.ActiveCfg = Ad-Hoc|iPhone
		{371D6E44-E499-4136-A871-A5EA5260A209}.Ad-Hoc|iPhone.Build.0 = Ad-Hoc|iPhone
		{371D6E44-E499-4136-A871-A5EA5260A209}.AppStore|iPhone.ActiveCfg = AppStore|iPhone
		{371D6E44-E499-4136-A871-A5EA5260A209}.AppStore|iPhone.Build.0 = AppStore|iPhone
		{371D6E44-E499-4136-A871-A5EA5260A209}.Debug|Any CPU.ActiveCfg = Debug|iPhoneSimulator
		{371D6E44-E499-4136-A871-A5EA5260A209}.Debug|Any CPU.Build.0 = Debug|iPhoneSimulator
		{371D6E44-E499-4136-A871-A5EA5260A209}.Debug|iPhone.ActiveCfg = Debug|iPhone
		{371D6E44-E499-4136-A871-A5EA5260A209}.Debug|iPhone.Build.0 = Debug|iPhone
		{371D6E44-E499-4136-A871-A5EA5260A209}.Debug|iPhoneSimulator.ActiveCfg = Debug|iPhoneSimulator
		{371D6E44-E499-4136-A871-A5EA5260A209}.Debug|iPhoneSimulator.Build.0 = Debug|iPhoneSimulator
		{371D6E44-E499-4136-A871-A5EA5260A209}.Release|Any CPU.ActiveCfg = Release|iPhoneSimulator
		{371D6E44-E499-4136-A871-A5EA5260A209}.Release|Any CPU.Build.0 = Release|iPhoneSimulator
		{371D6E44-E499-4136-A871-A5EA5260A209}.Release|iPhone.ActiveCfg = Release|iPhone
		{371D6E44-E499-4136-A871-A5EA5260A209}.Release|iPhone.Build.0 = Release|iPhone
		{371D6E44-E499-4136-A871-A5EA5260A209}.Release|iPhoneSimulator.ActiveCfg = Release|iPhoneSimulator
		{371D6E44-E499-4136-A871-A5EA5260A209}.Release|iPhoneSimulator.Build.0 = Release|iPhoneSimulator
		{502C0CAA-31C1-478F-878A-7002D76FE461}.Ad-Hoc|iPhone.ActiveCfg = Debug|Any CPU
		{502C0CAA-31C1-478F-878A-7002D76FE461}.Ad-Hoc|iPhone.Build.0 = Debug|Any CPU
		{502C0CAA-31C1-478F-878A-7002D76FE461}.AppStore|iPhone.ActiveCfg = Debug|Any CPU
		{502C0CAA-31C1-478F-878A-7002D76FE461}.AppStore|iPhone.Build.0 = Debug|Any CPU
		{502C0CAA-31C1-478F-878A-7002D76FE461}.Debug|Any CPU.ActiveCfg = Debug|Any CPU
		{502C0CAA-31C1-478F-878A-7002D76FE461}.Debug|Any CPU.Build.0 = Debug|Any CPU
		{502C0CAA-31C1-478F-878A-7002D76FE461}.Debug|iPhone.ActiveCfg = Debug|Any CPU
		{502C0CAA-31C1-478F-878A-7002D76FE461}.Debug|iPhone.Build.0 = Debug|Any CPU
		{502C0CAA-31C1-478F-878A-7002D76FE461}.Debug|iPhoneSimulator.ActiveCfg = Debug|Any CPU
		{502C0CAA-31C1-478F-878A-7002D76FE461}.Debug|iPhoneSimulator.Build.0 = Debug|Any CPU
		{502C0CAA-31C1-478F-878A-7002D76FE461}.Release|Any CPU.ActiveCfg = Release|Any CPU
		{502C0CAA-31C1-478F-878A-7002D76FE461}.Release|Any CPU.Build.0 = Release|Any CPU
		{502C0CAA-31C1-478F-878A-7002D76FE461}.Release|iPhone.ActiveCfg = Release|Any CPU
		{502C0CAA-31C1-478F-878A-7002D76FE461}.Release|iPhone.Build.0 = Release|Any CPU
		{502C0CAA-31C1-478F-878A-7002D76FE461}.Release|iPhoneSimulator.ActiveCfg = Release|Any CPU
		{502C0CAA-31C1-478F-878A-7002D76FE461}.Release|iPhoneSimulator.Build.0 = Release|Any CPU
		{72B38D4A-74D3-4741-91A3-22D85D84EFB8}.Ad-Hoc|iPhone.ActiveCfg = Debug|Any CPU
		{72B38D4A-74D3-4741-91A3-22D85D84EFB8}.Ad-Hoc|iPhone.Build.0 = Debug|Any CPU
		{72B38D4A-74D3-4741-91A3-22D85D84EFB8}.AppStore|iPhone.ActiveCfg = Debug|Any CPU
		{72B38D4A-74D3-4741-91A3-22D85D84EFB8}.AppStore|iPhone.Build.0 = Debug|Any CPU
		{72B38D4A-74D3-4741-91A3-22D85D84EFB8}.Debug|Any CPU.ActiveCfg = Debug|Any CPU
		{72B38D4A-74D3-4741-91A3-22D85D84EFB8}.Debug|Any CPU.Build.0 = Debug|Any CPU
		{72B38D4A-74D3-4741-91A3-22D85D84EFB8}.Debug|iPhone.ActiveCfg = Debug|Any CPU
		{72B38D4A-74D3-4741-91A3-22D85D84EFB8}.Debug|iPhone.Build.0 = Debug|Any CPU
		{72B38D4A-74D3-4741-91A3-22D85D84EFB8}.Debug|iPhoneSimulator.ActiveCfg = Debug|Any CPU
		{72B38D4A-74D3-4741-91A3-22D85D84EFB8}.Debug|iPhoneSimulator.Build.0 = Debug|Any CPU
		{72B38D4A-74D3-4741-91A3-22D85D84EFB8}.Release|Any CPU.ActiveCfg = Release|Any CPU
		{72B38D4A-74D3-4741-91A3-22D85D84EFB8}.Release|Any CPU.Build.0 = Release|Any CPU
		{72B38D4A-74D3-4741-91A3-22D85D84EFB8}.Release|iPhone.ActiveCfg = Release|Any CPU
		{72B38D4A-74D3-4741-91A3-22D85D84EFB8}.Release|iPhone.Build.0 = Release|Any CPU
		{72B38D4A-74D3-4741-91A3-22D85D84EFB8}.Release|iPhoneSimulator.ActiveCfg = Release|Any CPU
		{72B38D4A-74D3-4741-91A3-22D85D84EFB8}.Release|iPhoneSimulator.Build.0 = Release|Any CPU
		{A888648D-50BE-4075-B863-DFA835FD06BA}.Ad-Hoc|iPhone.ActiveCfg = Debug|Any CPU
		{A888648D-50BE-4075-B863-DFA835FD06BA}.Ad-Hoc|iPhone.Build.0 = Debug|Any CPU
		{A888648D-50BE-4075-B863-DFA835FD06BA}.AppStore|iPhone.ActiveCfg = Debug|Any CPU
		{A888648D-50BE-4075-B863-DFA835FD06BA}.AppStore|iPhone.Build.0 = Debug|Any CPU
		{A888648D-50BE-4075-B863-DFA835FD06BA}.Debug|Any CPU.ActiveCfg = Debug|Any CPU
		{A888648D-50BE-4075-B863-DFA835FD06BA}.Debug|Any CPU.Build.0 = Debug|Any CPU
		{A888648D-50BE-4075-B863-DFA835FD06BA}.Debug|iPhone.ActiveCfg = Debug|Any CPU
		{A888648D-50BE-4075-B863-DFA835FD06BA}.Debug|iPhone.Build.0 = Debug|Any CPU
		{A888648D-50BE-4075-B863-DFA835FD06BA}.Debug|iPhoneSimulator.ActiveCfg = Debug|Any CPU
		{A888648D-50BE-4075-B863-DFA835FD06BA}.Debug|iPhoneSimulator.Build.0 = Debug|Any CPU
		{A888648D-50BE-4075-B863-DFA835FD06BA}.Release|Any CPU.ActiveCfg = Release|Any CPU
		{A888648D-50BE-4075-B863-DFA835FD06BA}.Release|Any CPU.Build.0 = Release|Any CPU
		{A888648D-50BE-4075-B863-DFA835FD06BA}.Release|iPhone.ActiveCfg = Release|Any CPU
		{A888648D-50BE-4075-B863-DFA835FD06BA}.Release|iPhone.Build.0 = Release|Any CPU
		{A888648D-50BE-4075-B863-DFA835FD06BA}.Release|iPhoneSimulator.ActiveCfg = Release|Any CPU
		{A888648D-50BE-4075-B863-DFA835FD06BA}.Release|iPhoneSimulator.Build.0 = Release|Any CPU
		{FD6905A1-0D75-4187-BAA0-5DDD03E9B346}.Ad-Hoc|iPhone.ActiveCfg = Debug|Any CPU
		{FD6905A1-0D75-4187-BAA0-5DDD03E9B346}.Ad-Hoc|iPhone.Build.0 = Debug|Any CPU
		{FD6905A1-0D75-4187-BAA0-5DDD03E9B346}.AppStore|iPhone.ActiveCfg = Debug|Any CPU
		{FD6905A1-0D75-4187-BAA0-5DDD03E9B346}.AppStore|iPhone.Build.0 = Debug|Any CPU
		{FD6905A1-0D75-4187-BAA0-5DDD03E9B346}.Debug|Any CPU.ActiveCfg = Debug|Any CPU
		{FD6905A1-0D75-4187-BAA0-5DDD03E9B346}.Debug|Any CPU.Build.0 = Debug|Any CPU
		{FD6905A1-0D75-4187-BAA0-5DDD03E9B346}.Debug|iPhone.ActiveCfg = Debug|Any CPU
		{FD6905A1-0D75-4187-BAA0-5DDD03E9B346}.Debug|iPhone.Build.0 = Debug|Any CPU
		{FD6905A1-0D75-4187-BAA0-5DDD03E9B346}.Debug|iPhoneSimulator.ActiveCfg = Debug|Any CPU
		{FD6905A1-0D75-4187-BAA0-5DDD03E9B346}.Debug|iPhoneSimulator.Build.0 = Debug|Any CPU
		{FD6905A1-0D75-4187-BAA0-5DDD03E9B346}.Release|Any CPU.ActiveCfg = Release|Any CPU
		{FD6905A1-0D75-4187-BAA0-5DDD03E9B346}.Release|Any CPU.Build.0 = Release|Any CPU
		{FD6905A1-0D75-4187-BAA0-5DDD03E9B346}.Release|iPhone.ActiveCfg = Release|Any CPU
		{FD6905A1-0D75-4187-BAA0-5DDD03E9B346}.Release|iPhone.Build.0 = Release|Any CPU
		{FD6905A1-0D75-4187-BAA0-5DDD03E9B346}.Release|iPhoneSimulator.ActiveCfg = Release|Any CPU
		{FD6905A1-0D75-4187-BAA0-5DDD03E9B346}.Release|iPhoneSimulator.Build.0 = Release|Any CPU
	EndGlobalSection
	GlobalSection(NestedProjects) = preSolution
		{502C0CAA-31C1-478F-878A-7002D76FE461} = {C6648F84-EB40-4963-9753-10880BC856D1}
		{FD6905A1-0D75-4187-BAA0-5DDD03E9B346} = {A7A20C2A-3409-45E6-B542-AD2AB7E9E63A}
		{72B38D4A-74D3-4741-91A3-22D85D84EFB8} = {A7A20C2A-3409-45E6-B542-AD2AB7E9E63A}
		{A5FC699A-92CA-440B-8BBF-334AC5940E5D} = {CD94D7CA-F593-4C85-9D98-5CFFB8C3EBDE}
		{A888648D-50BE-4075-B863-DFA835FD06BA} = {CD94D7CA-F593-4C85-9D98-5CFFB8C3EBDE}
		{371D6E44-E499-4136-A871-A5EA5260A209} = {A5FC699A-92CA-440B-8BBF-334AC5940E5D}
	EndGlobalSection
	GlobalSection(MonoDevelopProperties) = preSolution
		StartupItem = Platform\Mobile.Utils.iOS\Mobile.Utils.iOS.csproj
	EndGlobalSection
EndGlobal
